// !$*UTF8*$!
{
	archiveVersion = 1;
	classes = {
	};
	objectVersion = 55;
	objects = {

/* Begin PBXBuildFile section */
		C043E97F29806A9A00FB6723 /* SwiftUiApiCallsApp.swift in Sources */ = {isa = PBXBuildFile; fileRef = C043E97E29806A9A00FB6723 /* SwiftUiApiCallsApp.swift */; };
		C043E98129806A9A00FB6723 /* ContentView.swift in Sources */ = {isa = PBXBuildFile; fileRef = C043E98029806A9A00FB6723 /* ContentView.swift */; };
		C043E98329806A9B00FB6723 /* Assets.xcassets in Resources */ = {isa = PBXBuildFile; fileRef = C043E98229806A9B00FB6723 /* Assets.xcassets */; };
		C043E98629806A9B00FB6723 /* Preview Assets.xcassets in Resources */ = {isa = PBXBuildFile; fileRef = C043E98529806A9B00FB6723 /* Preview Assets.xcassets */; };
		C043E99029806A9B00FB6723 /* SwiftUiApiCallsTests.swift in Sources */ = {isa = PBXBuildFile; fileRef = C043E98F29806A9B00FB6723 /* SwiftUiApiCallsTests.swift */; };
		C043E99A29806A9B00FB6723 /* SwiftUiApiCallsUITests.swift in Sources */ = {isa = PBXBuildFile; fileRef = C043E99929806A9B00FB6723 /* SwiftUiApiCallsUITests.swift */; };
		C043E99C29806A9B00FB6723 /* SwiftUiApiCallsUITestsLaunchTests.swift in Sources */ = {isa = PBXBuildFile; fileRef = C043E99B29806A9B00FB6723 /* SwiftUiApiCallsUITestsLaunchTests.swift */; };
/* End PBXBuildFile section */

/* Begin PBXContainerItemProxy section */
		C043E98C29806A9B00FB6723 /* PBXContainerItemProxy */ = {
			isa = PBXContainerItemProxy;
			containerPortal = C043E97329806A9A00FB6723 /* Project object */;
			proxyType = 1;
			remoteGlobalIDString = C043E97A29806A9A00FB6723;
			remoteInfo = SwiftUiApiCalls;
		};
		C043E99629806A9B00FB6723 /* PBXContainerItemProxy */ = {
			isa = PBXContainerItemProxy;
			containerPortal = C043E97329806A9A00FB6723 /* Project object */;
			proxyType = 1;
			remoteGlobalIDString = C043E97A29806A9A00FB6723;
			remoteInfo = SwiftUiApiCalls;
		};
/* End PBXContainerItemProxy section */

/* Begin PBXFileReference section */
		C043E97B29806A9A00FB6723 /* SwiftUiApiCalls.app */ = {isa = PBXFileReference; explicitFileType = wrapper.application; includeInIndex = 0; path = SwiftUiApiCalls.app; sourceTree = BUILT_PRODUCTS_DIR; };
		C043E97E29806A9A00FB6723 /* SwiftUiApiCallsApp.swift */ = {isa = PBXFileReference; lastKnownFileType = sourcecode.swift; path = SwiftUiApiCallsApp.swift; sourceTree = "<group>"; };
		C043E98029806A9A00FB6723 /* ContentView.swift */ = {isa = PBXFileReference; lastKnownFileType = sourcecode.swift; path = ContentView.swift; sourceTree = "<group>"; };
		C043E98229806A9B00FB6723 /* Assets.xcassets */ = {isa = PBXFileReference; lastKnownFileType = folder.assetcatalog; path = Assets.xcassets; sourceTree = "<group>"; };
		C043E98529806A9B00FB6723 /* Preview Assets.xcassets */ = {isa = PBXFileReference; lastKnownFileType = folder.assetcatalog; path = "Preview Assets.xcassets"; sourceTree = "<group>"; };
		C043E98B29806A9B00FB6723 /* SwiftUiApiCallsTests.xctest */ = {isa = PBXFileReference; explicitFileType = wrapper.cfbundle; includeInIndex = 0; path = SwiftUiApiCallsTests.xctest; sourceTree = BUILT_PRODUCTS_DIR; };
		C043E98F29806A9B00FB6723 /* SwiftUiApiCallsTests.swift */ = {isa = PBXFileReference; lastKnownFileType = sourcecode.swift; path = SwiftUiApiCallsTests.swift; sourceTree = "<group>"; };
		C043E99529806A9B00FB6723 /* SwiftUiApiCallsUITests.xctest */ = {isa = PBXFileReference; explicitFileType = wrapper.cfbundle; includeInIndex = 0; path = SwiftUiApiCallsUITests.xctest; sourceTree = BUILT_PRODUCTS_DIR; };
		C043E99929806A9B00FB6723 /* SwiftUiApiCallsUITests.swift */ = {isa = PBXFileReference; lastKnownFileType = sourcecode.swift; path = SwiftUiApiCallsUITests.swift; sourceTree = "<group>"; };
		C043E99B29806A9B00FB6723 /* SwiftUiApiCallsUITestsLaunchTests.swift */ = {isa = PBXFileReference; lastKnownFileType = sourcecode.swift; path = SwiftUiApiCallsUITestsLaunchTests.swift; sourceTree = "<group>"; };
/* End PBXFileReference section */

/* Begin PBXFrameworksBuildPhase section */
		C043E97829806A9A00FB6723 /* Frameworks */ = {
			isa = PBXFrameworksBuildPhase;
			buildActionMask = 2147483647;
			files = (
			);
			runOnlyForDeploymentPostprocessing = 0;
		};
		C043E98829806A9B00FB6723 /* Frameworks */ = {
			isa = PBXFrameworksBuildPhase;
			buildActionMask = 2147483647;
			files = (
			);
			runOnlyForDeploymentPostprocessing = 0;
		};
		C043E99229806A9B00FB6723 /* Frameworks */ = {
			isa = PBXFrameworksBuildPhase;
			buildActionMask = 2147483647;
			files = (
			);
			runOnlyForDeploymentPostprocessing = 0;
		};
/* End PBXFrameworksBuildPhase section */

/* Begin PBXGroup section */
		C043E97229806A9A00FB6723 = {
			isa = PBXGroup;
			children = (
				C043E97D29806A9A00FB6723 /* SwiftUiApiCalls */,
				C043E98E29806A9B00FB6723 /* SwiftUiApiCallsTests */,
				C043E99829806A9B00FB6723 /* SwiftUiApiCallsUITests */,
				C043E97C29806A9A00FB6723 /* Products */,
			);
			sourceTree = "<group>";
		};
		C043E97C29806A9A00FB6723 /* Products */ = {
			isa = PBXGroup;
			children = (
				C043E97B29806A9A00FB6723 /* SwiftUiApiCalls.app */,
				C043E98B29806A9B00FB6723 /* SwiftUiApiCallsTests.xctest */,
				C043E99529806A9B00FB6723 /* SwiftUiApiCallsUITests.xctest */,
			);
			name = Products;
			sourceTree = "<group>";
		};
		C043E97D29806A9A00FB6723 /* SwiftUiApiCalls */ = {
			isa = PBXGroup;
			children = (
				C043E97E29806A9A00FB6723 /* SwiftUiApiCallsApp.swift */,
				C043E98029806A9A00FB6723 /* ContentView.swift */,
				C043E98229806A9B00FB6723 /* Assets.xcassets */,
				C043E98429806A9B00FB6723 /* Preview Content */,
			);
			path = SwiftUiApiCalls;
			sourceTree = "<group>";
		};
		C043E98429806A9B00FB6723 /* Preview Content */ = {
			isa = PBXGroup;
			children = (
				C043E98529806A9B00FB6723 /* Preview Assets.xcassets */,
			);
			path = "Preview Content";
			sourceTree = "<group>";
		};
		C043E98E29806A9B00FB6723 /* SwiftUiApiCallsTests */ = {
			isa = PBXGroup;
			children = (
				C043E98F29806A9B00FB6723 /* SwiftUiApiCallsTests.swift */,
			);
			path = SwiftUiApiCallsTests;
			sourceTree = "<group>";
		};
		C043E99829806A9B00FB6723 /* SwiftUiApiCallsUITests */ = {
			isa = PBXGroup;
			children = (
				C043E99929806A9B00FB6723 /* SwiftUiApiCallsUITests.swift */,
				C043E99B29806A9B00FB6723 /* SwiftUiApiCallsUITestsLaunchTests.swift */,
			);
			path = SwiftUiApiCallsUITests;
			sourceTree = "<group>";
		};
/* End PBXGroup section */

/* Begin PBXNativeTarget section */
		C043E97A29806A9A00FB6723 /* SwiftUiApiCalls */ = {
			isa = PBXNativeTarget;
			buildConfigurationList = C043E99F29806A9B00FB6723 /* Build configuration list for PBXNativeTarget "SwiftUiApiCalls" */;
			buildPhases = (
				C043E97729806A9A00FB6723 /* Sources */,
				C043E97829806A9A00FB6723 /* Frameworks */,
				C043E97929806A9A00FB6723 /* Resources */,
			);
			buildRules = (
			);
			dependencies = (
			);
			name = SwiftUiApiCalls;
			productName = SwiftUiApiCalls;
			productReference = C043E97B29806A9A00FB6723 /* SwiftUiApiCalls.app */;
			productType = "com.apple.product-type.application";
		};
		C043E98A29806A9B00FB6723 /* SwiftUiApiCallsTests */ = {
			isa = PBXNativeTarget;
			buildConfigurationList = C043E9A229806A9B00FB6723 /* Build configuration list for PBXNativeTarget "SwiftUiApiCallsTests" */;
			buildPhases = (
				C043E98729806A9B00FB6723 /* Sources */,
				C043E98829806A9B00FB6723 /* Frameworks */,
				C043E98929806A9B00FB6723 /* Resources */,
			);
			buildRules = (
			);
			dependencies = (
				C043E98D29806A9B00FB6723 /* PBXTargetDependency */,
			);
			name = SwiftUiApiCallsTests;
			productName = SwiftUiApiCallsTests;
			productReference = C043E98B29806A9B00FB6723 /* SwiftUiApiCallsTests.xctest */;
			productType = "com.apple.product-type.bundle.unit-test";
		};
		C043E99429806A9B00FB6723 /* SwiftUiApiCallsUITests */ = {
			isa = PBXNativeTarget;
			buildConfigurationList = C043E9A529806A9B00FB6723 /* Build configuration list for PBXNativeTarget "SwiftUiApiCallsUITests" */;
			buildPhases = (
				C043E99129806A9B00FB6723 /* Sources */,
				C043E99229806A9B00FB6723 /* Frameworks */,
				C043E99329806A9B00FB6723 /* Resources */,
			);
			buildRules = (
			);
			dependencies = (
				C043E99729806A9B00FB6723 /* PBXTargetDependency */,
			);
			name = SwiftUiApiCallsUITests;
			productName = SwiftUiApiCallsUITests;
			productReference = C043E99529806A9B00FB6723 /* SwiftUiApiCallsUITests.xctest */;
			productType = "com.apple.product-type.bundle.ui-testing";
		};
/* End PBXNativeTarget section */

/* Begin PBXProject section */
		C043E97329806A9A00FB6723 /* Project object */ = {
			isa = PBXProject;
			attributes = {
				BuildIndependentTargetsInParallel = 1;
				LastSwiftUpdateCheck = 1340;
				LastUpgradeCheck = 1340;
				TargetAttributes = {
					C043E97A29806A9A00FB6723 = {
						CreatedOnToolsVersion = 13.4.1;
					};
					C043E98A29806A9B00FB6723 = {
						CreatedOnToolsVersion = 13.4.1;
						TestTargetID = C043E97A29806A9A00FB6723;
					};
					C043E99429806A9B00FB6723 = {
						CreatedOnToolsVersion = 13.4.1;
						TestTargetID = C043E97A29806A9A00FB6723;
					};
				};
			};
			buildConfigurationList = C043E97629806A9A00FB6723 /* Build configuration list for PBXProject "SwiftUiApiCalls" */;
			compatibilityVersion = "Xcode 13.0";
			developmentRegion = en;
			hasScannedForEncodings = 0;
			knownRegions = (
				en,
				Base,
			);
			mainGroup = C043E97229806A9A00FB6723;
			productRefGroup = C043E97C29806A9A00FB6723 /* Products */;
			projectDirPath = "";
			projectRoot = "";
			targets = (
				C043E97A29806A9A00FB6723 /* SwiftUiApiCalls */,
				C043E98A29806A9B00FB6723 /* SwiftUiApiCallsTests */,
				C043E99429806A9B00FB6723 /* SwiftUiApiCallsUITests */,
			);
		};
/* End PBXProject section */

/* Begin PBXResourcesBuildPhase section */
		C043E97929806A9A00FB6723 /* Resources */ = {
			isa = PBXResourcesBuildPhase;
			buildActionMask = 2147483647;
			files = (
				C043E98629806A9B00FB6723 /* Preview Assets.xcassets in Resources */,
				C043E98329806A9B00FB6723 /* Assets.xcassets in Resources */,
			);
			runOnlyForDeploymentPostprocessing = 0;
		};
		C043E98929806A9B00FB6723 /* Resources */ = {
			isa = PBXResourcesBuildPhase;
			buildActionMask = 2147483647;
			files = (
			);
			runOnlyForDeploymentPostprocessing = 0;
		};
		C043E99329806A9B00FB6723 /* Resources */ = {
			isa = PBXResourcesBuildPhase;
			buildActionMask = 2147483647;
			files = (
			);
			runOnlyForDeploymentPostprocessing = 0;
		};
/* End PBXResourcesBuildPhase section */

/* Begin PBXSourcesBuildPhase section */
		C043E97729806A9A00FB6723 /* Sources */ = {
			isa = PBXSourcesBuildPhase;
			buildActionMask = 2147483647;
			files = (
				C043E98129806A9A00FB6723 /* ContentView.swift in Sources */,
				C043E97F29806A9A00FB6723 /* SwiftUiApiCallsApp.swift in Sources */,
			);
			runOnlyForDeploymentPostprocessing = 0;
		};
		C043E98729806A9B00FB6723 /* Sources */ = {
			isa = PBXSourcesBuildPhase;
			buildActionMask = 2147483647;
			files = (
				C043E99029806A9B00FB6723 /* SwiftUiApiCallsTests.swift in Sources */,
			);
			runOnlyForDeploymentPostprocessing = 0;
		};
		C043E99129806A9B00FB6723 /* Sources */ = {
			isa = PBXSourcesBuildPhase;
			buildActionMask = 2147483647;
			files = (
				C043E99A29806A9B00FB6723 /* SwiftUiApiCallsUITests.swift in Sources */,
				C043E99C29806A9B00FB6723 /* SwiftUiApiCallsUITestsLaunchTests.swift in Sources */,
			);
			runOnlyForDeploymentPostprocessing = 0;
		};
/* End PBXSourcesBuildPhase section */

/* Begin PBXTargetDependency section */
		C043E98D29806A9B00FB6723 /* PBXTargetDependency */ = {
			isa = PBXTargetDependency;
			target = C043E97A29806A9A00FB6723 /* SwiftUiApiCalls */;
			targetProxy = C043E98C29806A9B00FB6723 /* PBXContainerItemProxy */;
		};
		C043E99729806A9B00FB6723 /* PBXTargetDependency */ = {
			isa = PBXTargetDependency;
			target = C043E97A29806A9A00FB6723 /* SwiftUiApiCalls */;
			targetProxy = C043E99629806A9B00FB6723 /* PBXContainerItemProxy */;
		};
/* End PBXTargetDependency section */

/* Begin XCBuildConfiguration section */
		C043E99D29806A9B00FB6723 /* Debug */ = {
			isa = XCBuildConfiguration;
			buildSettings = {
				ALWAYS_SEARCH_USER_PATHS = NO;
				CLANG_ANALYZER_NONNULL = YES;
				CLANG_ANALYZER_NUMBER_OBJECT_CONVERSION = YES_AGGRESSIVE;
				CLANG_CXX_LANGUAGE_STANDARD = "gnu++17";
				CLANG_ENABLE_MODULES = YES;
				CLANG_ENABLE_OBJC_ARC = YES;
				CLANG_ENABLE_OBJC_WEAK = YES;
				CLANG_WARN_BLOCK_CAPTURE_AUTORELEASING = YES;
				CLANG_WARN_BOOL_CONVERSION = YES;
				CLANG_WARN_COMMA = YES;
				CLANG_WARN_CONSTANT_CONVERSION = YES;
				CLANG_WARN_DEPRECATED_OBJC_IMPLEMENTATIONS = YES;
				CLANG_WARN_DIRECT_OBJC_ISA_USAGE = YES_ERROR;
				CLANG_WARN_DOCUMENTATION_COMMENTS = YES;
				CLANG_WARN_EMPTY_BODY = YES;
				CLANG_WARN_ENUM_CONVERSION = YES;
				CLANG_WARN_INFINITE_RECURSION = YES;
				CLANG_WARN_INT_CONVERSION = YES;
				CLANG_WARN_NON_LITERAL_NULL_CONVERSION = YES;
				CLANG_WARN_OBJC_IMPLICIT_RETAIN_SELF = YES;
				CLANG_WARN_OBJC_LITERAL_CONVERSION = YES;
				CLANG_WARN_OBJC_ROOT_CLASS = YES_ERROR;
				CLANG_WARN_QUOTED_INCLUDE_IN_FRAMEWORK_HEADER = YES;
				CLANG_WARN_RANGE_LOOP_ANALYSIS = YES;
				CLANG_WARN_STRICT_PROTOTYPES = YES;
				CLANG_WARN_SUSPICIOUS_MOVE = YES;
				CLANG_WARN_UNGUARDED_AVAILABILITY = YES_AGGRESSIVE;
				CLANG_WARN_UNREACHABLE_CODE = YES;
				CLANG_WARN__DUPLICATE_METHOD_MATCH = YES;
				COPY_PHASE_STRIP = NO;
				DEBUG_INFORMATION_FORMAT = dwarf;
				ENABLE_STRICT_OBJC_MSGSEND = YES;
				ENABLE_TESTABILITY = YES;
				GCC_C_LANGUAGE_STANDARD = gnu11;
				GCC_DYNAMIC_NO_PIC = NO;
				GCC_NO_COMMON_BLOCKS = YES;
				GCC_OPTIMIZATION_LEVEL = 0;
				GCC_PREPROCESSOR_DEFINITIONS = (
					"DEBUG=1",
					"$(inherited)",
				);
				GCC_WARN_64_TO_32_BIT_CONVERSION = YES;
				GCC_WARN_ABOUT_RETURN_TYPE = YES_ERROR;
				GCC_WARN_UNDECLARED_SELECTOR = YES;
				GCC_WARN_UNINITIALIZED_AUTOS = YES_AGGRESSIVE;
				GCC_WARN_UNUSED_FUNCTION = YES;
				GCC_WARN_UNUSED_VARIABLE = YES;
				IPHONEOS_DEPLOYMENT_TARGET = 15.5;
				MTL_ENABLE_DEBUG_INFO = INCLUDE_SOURCE;
				MTL_FAST_MATH = YES;
				ONLY_ACTIVE_ARCH = YES;
				SDKROOT = iphoneos;
				SWIFT_ACTIVE_COMPILATION_CONDITIONS = DEBUG;
				SWIFT_OPTIMIZATION_LEVEL = "-Onone";
			};
			name = Debug;
		};
		C043E99E29806A9B00FB6723 /* Release */ = {
			isa = XCBuildConfiguration;
			buildSettings = {
				ALWAYS_SEARCH_USER_PATHS = NO;
				CLANG_ANALYZER_NONNULL = YES;
				CLANG_ANALYZER_NUMBER_OBJECT_CONVERSION = YES_AGGRESSIVE;
				CLANG_CXX_LANGUAGE_STANDARD = "gnu++17";
				CLANG_ENABLE_MODULES = YES;
				CLANG_ENABLE_OBJC_ARC = YES;
				CLANG_ENABLE_OBJC_WEAK = YES;
				CLANG_WARN_BLOCK_CAPTURE_AUTORELEASING = YES;
				CLANG_WARN_BOOL_CONVERSION = YES;
				CLANG_WARN_COMMA = YES;
				CLANG_WARN_CONSTANT_CONVERSION = YES;
				CLANG_WARN_DEPRECATED_OBJC_IMPLEMENTATIONS = YES;
				CLANG_WARN_DIRECT_OBJC_ISA_USAGE = YES_ERROR;
				CLANG_WARN_DOCUMENTATION_COMMENTS = YES;
				CLANG_WARN_EMPTY_BODY = YES;
				CLANG_WARN_ENUM_CONVERSION = YES;
				CLANG_WARN_INFINITE_RECURSION = YES;
				CLANG_WARN_INT_CONVERSION = YES;
				CLANG_WARN_NON_LITERAL_NULL_CONVERSION = YES;
				CLANG_WARN_OBJC_IMPLICIT_RETAIN_SELF = YES;
				CLANG_WARN_OBJC_LITERAL_CONVERSION = YES;
				CLANG_WARN_OBJC_ROOT_CLASS = YES_ERROR;
				CLANG_WARN_QUOTED_INCLUDE_IN_FRAMEWORK_HEADER = YES;
				CLANG_WARN_RANGE_LOOP_ANALYSIS = YES;
				CLANG_WARN_STRICT_PROTOTYPES = YES;
				CLANG_WARN_SUSPICIOUS_MOVE = YES;
				CLANG_WARN_UNGUARDED_AVAILABILITY = YES_AGGRESSIVE;
				CLANG_WARN_UNREACHABLE_CODE = YES;
				CLANG_WARN__DUPLICATE_METHOD_MATCH = YES;
				COPY_PHASE_STRIP = NO;
				DEBUG_INFORMATION_FORMAT = "dwarf-with-dsym";
				ENABLE_NS_ASSERTIONS = NO;
				ENABLE_STRICT_OBJC_MSGSEND = YES;
				GCC_C_LANGUAGE_STANDARD = gnu11;
				GCC_NO_COMMON_BLOCKS = YES;
				GCC_WARN_64_TO_32_BIT_CONVERSION = YES;
				GCC_WARN_ABOUT_RETURN_TYPE = YES_ERROR;
				GCC_WARN_UNDECLARED_SELECTOR = YES;
				GCC_WARN_UNINITIALIZED_AUTOS = YES_AGGRESSIVE;
				GCC_WARN_UNUSED_FUNCTION = YES;
				GCC_WARN_UNUSED_VARIABLE = YES;
				IPHONEOS_DEPLOYMENT_TARGET = 15.5;
				MTL_ENABLE_DEBUG_INFO = NO;
				MTL_FAST_MATH = YES;
				SDKROOT = iphoneos;
				SWIFT_COMPILATION_MODE = wholemodule;
				SWIFT_OPTIMIZATION_LEVEL = "-O";
				VALIDATE_PRODUCT = YES;
			};
			name = Release;
		};
		C043E9A029806A9B00FB6723 /* Debug */ = {
			isa = XCBuildConfiguration;
			buildSettings = {
				ASSETCATALOG_COMPILER_APPICON_NAME = AppIcon;
				ASSETCATALOG_COMPILER_GLOBAL_ACCENT_COLOR_NAME = AccentColor;
				CODE_SIGN_STYLE = Automatic;
				CURRENT_PROJECT_VERSION = 1;
				DEVELOPMENT_ASSET_PATHS = "\"SwiftUiApiCalls/Preview Content\"";
				DEVELOPMENT_TEAM = 54L2VYFZPT;
				ENABLE_PREVIEWS = YES;
				GENERATE_INFOPLIST_FILE = YES;
				INFOPLIST_KEY_UIApplicationSceneManifest_Generation = YES;
				INFOPLIST_KEY_UIApplicationSupportsIndirectInputEvents = YES;
				INFOPLIST_KEY_UILaunchScreen_Generation = YES;
				INFOPLIST_KEY_UISupportedInterfaceOrientations_iPad = "UIInterfaceOrientationPortrait UIInterfaceOrientationPortraitUpsideDown UIInterfaceOrientationLandscapeLeft UIInterfaceOrientationLandscapeRight";
				INFOPLIST_KEY_UISupportedInterfaceOrientations_iPhone = "UIInterfaceOrientationPortrait UIInterfaceOrientationLandscapeLeft UIInterfaceOrientationLandscapeRight";
				LD_RUNPATH_SEARCH_PATHS = (
					"$(inherited)",
					"@executable_path/Frameworks",
				);
				MARKETING_VERSION = 1.0;
				PRODUCT_BUNDLE_IDENTIFIER = contestormi.SwiftUiApiCalls;
				PRODUCT_NAME = "$(TARGET_NAME)";
				SWIFT_EMIT_LOC_STRINGS = YES;
				SWIFT_VERSION = 5.0;
				TARGETED_DEVICE_FAMILY = "1,2";
			};
			name = Debug;
		};
		C043E9A129806A9B00FB6723 /* Release */ = {
			isa = XCBuildConfiguration;
			buildSettings = {
				ASSETCATALOG_COMPILER_APPICON_NAME = AppIcon;
				ASSETCATALOG_COMPILER_GLOBAL_ACCENT_COLOR_NAME = AccentColor;
				CODE_SIGN_STYLE = Automatic;
				CURRENT_PROJECT_VERSION = 1;
				DEVELOPMENT_ASSET_PATHS = "\"SwiftUiApiCalls/Preview Content\"";
				DEVELOPMENT_TEAM = 54L2VYFZPT;
				ENABLE_PREVIEWS = YES;
				GENERATE_INFOPLIST_FILE = YES;
				INFOPLIST_KEY_UIApplicationSceneManifest_Generation = YES;
				INFOPLIST_KEY_UIApplicationSupportsIndirectInputEvents = YES;
				INFOPLIST_KEY_UILaunchScreen_Generation = YES;
				INFOPLIST_KEY_UISupportedInterfaceOrientations_iPad = "UIInterfaceOrientationPortrait UIInterfaceOrientationPortraitUpsideDown UIInterfaceOrientationLandscapeLeft UIInterfaceOrientationLandscapeRight";
				INFOPLIST_KEY_UISupportedInterfaceOrientations_iPhone = "UIInterfaceOrientationPortrait UIInterfaceOrientationLandscapeLeft UIInterfaceOrientationLandscapeRight";
				LD_RUNPATH_SEARCH_PATHS = (
					"$(inherited)",
					"@executable_path/Frameworks",
				);
				MARKETING_VERSION = 1.0;
				PRODUCT_BUNDLE_IDENTIFIER = contestormi.SwiftUiApiCalls;
				PRODUCT_NAME = "$(TARGET_NAME)";
				SWIFT_EMIT_LOC_STRINGS = YES;
				SWIFT_VERSION = 5.0;
				TARGETED_DEVICE_FAMILY = "1,2";
			};
			name = Release;
		};
		C043E9A329806A9B00FB6723 /* Debug */ = {
			isa = XCBuildConfiguration;
			buildSettings = {
				ALWAYS_EMBED_SWIFT_STANDARD_LIBRARIES = YES;
				BUNDLE_LOADER = "$(TEST_HOST)";
				CODE_SIGN_STYLE = Automatic;
				CURRENT_PROJECT_VERSION = 1;
				DEVELOPMENT_TEAM = 54L2VYFZPT;
				GENERATE_INFOPLIST_FILE = YES;
				IPHONEOS_DEPLOYMENT_TARGET = 15.5;
				MARKETING_VERSION = 1.0;
				PRODUCT_BUNDLE_IDENTIFIER = contestormi.SwiftUiApiCallsTests;
				PRODUCT_NAME = "$(TARGET_NAME)";
				SWIFT_EMIT_LOC_STRINGS = NO;
				SWIFT_VERSION = 5.0;
				TARGETED_DEVICE_FAMILY = "1,2";
				TEST_HOST = "$(BUILT_PRODUCTS_DIR)/SwiftUiApiCalls.app/SwiftUiApiCalls";
			};
			name = Debug;
		};
		C043E9A429806A9B00FB6723 /* Release */ = {
			isa = XCBuildConfiguration;
			buildSettings = {
				ALWAYS_EMBED_SWIFT_STANDARD_LIBRARIES = YES;
				BUNDLE_LOADER = "$(TEST_HOST)";
				CODE_SIGN_STYLE = Automatic;
				CURRENT_PROJECT_VERSION = 1;
				DEVELOPMENT_TEAM = 54L2VYFZPT;
				GENERATE_INFOPLIST_FILE = YES;
				IPHONEOS_DEPLOYMENT_TARGET = 15.5;
				MARKETING_VERSION = 1.0;
				PRODUCT_BUNDLE_IDENTIFIER = contestormi.SwiftUiApiCallsTests;
				PRODUCT_NAME = "$(TARGET_NAME)";
				SWIFT_EMIT_LOC_STRINGS = NO;
				SWIFT_VERSION = 5.0;
				TARGETED_DEVICE_FAMILY = "1,2";
				TEST_HOST = "$(BUILT_PRODUCTS_DIR)/SwiftUiApiCalls.app/SwiftUiApiCalls";
			};
			name = Release;
		};
		C043E9A629806A9B00FB6723 /* Debug */ = {
			isa = XCBuildConfiguration;
			buildSettings = {
				ALWAYS_EMBED_SWIFT_STANDARD_LIBRARIES = YES;
				CODE_SIGN_STYLE = Automatic;
				CURRENT_PROJECT_VERSION = 1;
				DEVELOPMENT_TEAM = 54L2VYFZPT;
				GENERATE_INFOPLIST_FILE = YES;
				MARKETING_VERSION = 1.0;
				PRODUCT_BUNDLE_IDENTIFIER = contestormi.SwiftUiApiCallsUITests;
				PRODUCT_NAME = "$(TARGET_NAME)";
				SWIFT_EMIT_LOC_STRINGS = NO;
				SWIFT_VERSION = 5.0;
				TARGETED_DEVICE_FAMILY = "1,2";
				TEST_TARGET_NAME = SwiftUiApiCalls;
			};
			name = Debug;
		};
		C043E9A729806A9B00FB6723 /* Release */ = {
			isa = XCBuildConfiguration;
			buildSettings = {
				ALWAYS_EMBED_SWIFT_STANDARD_LIBRARIES = YES;
				CODE_SIGN_STYLE = Automatic;
				CURRENT_PROJECT_VERSION = 1;
				DEVELOPMENT_TEAM = 54L2VYFZPT;
				GENERATE_INFOPLIST_FILE = YES;
				MARKETING_VERSION = 1.0;
				PRODUCT_BUNDLE_IDENTIFIER = contestormi.SwiftUiApiCallsUITests;
				PRODUCT_NAME = "$(TARGET_NAME)";
				SWIFT_EMIT_LOC_STRINGS = NO;
				SWIFT_VERSION = 5.0;
				TARGETED_DEVICE_FAMILY = "1,2";
				TEST_TARGET_NAME = SwiftUiApiCalls;
			};
			name = Release;
		};
/* End XCBuildConfiguration section */

/* Begin XCConfigurationList section */
		C043E97629806A9A00FB6723 /* Build configuration list for PBXProject "SwiftUiApiCalls" */ = {
			isa = XCConfigurationList;
			buildConfigurations = (
				C043E99D29806A9B00FB6723 /* Debug */,
				C043E99E29806A9B00FB6723 /* Release */,
			);
			defaultConfigurationIsVisible = 0;
			defaultConfigurationName = Release;
		};
		C043E99F29806A9B00FB6723 /* Build configuration list for PBXNativeTarget "SwiftUiApiCalls" */ = {
			isa = XCConfigurationList;
			buildConfigurations = (
				C043E9A029806A9B00FB6723 /* Debug */,
				C043E9A129806A9B00FB6723 /* Release */,
			);
			defaultConfigurationIsVisible = 0;
			defaultConfigurationName = Release;
		};
		C043E9A229806A9B00FB6723 /* Build configuration list for PBXNativeTarget "SwiftUiApiCallsTests" */ = {
			isa = XCConfigurationList;
			buildConfigurations = (
				C043E9A329806A9B00FB6723 /* Debug */,
				C043E9A429806A9B00FB6723 /* Release */,
			);
			defaultConfigurationIsVisible = 0;
			defaultConfigurationName = Release;
		};
		C043E9A529806A9B00FB6723 /* Build configuration list for PBXNativeTarget "SwiftUiApiCallsUITests" */ = {
			isa = XCConfigurationList;
			buildConfigurations = (
				C043E9A629806A9B00FB6723 /* Debug */,
				C043E9A729806A9B00FB6723 /* Release */,
			);
			defaultConfigurationIsVisible = 0;
			defaultConfigurationName = Release;
		};
/* End XCConfigurationList section */
	};
	rootObject = C043E97329806A9A00FB6723 /* Project object */;
}
